
Microsoft Visual Studio Solution File, Format Version 12.00
# Visual Studio Version 17
VisualStudioVersion = 17.8.34330.188
MinimumVisualStudioVersion = 10.0.40219.1
Project("{FAE04EC0-301F-11D3-BF4B-00C04F79EFBC}") = "WebApplication1", "WebApplication1\WebApplication1.csproj", "{8424A673-AB7C-4927-992D-F39BB94D22D0}"
EndProject
Global
	GlobalSection(SolutionConfigurationPlatforms) = preSolution
		Debug|Any CPU = Debug|Any CPU
		Release|Any CPU = Release|Any CPU
	EndGlobalSection
	GlobalSection(ProjectConfigurationPlatforms) = postSolution
		{8424A673-AB7C-4927-992D-F39BB94D22D0}.Debug|Any CPU.ActiveCfg = Debug|Any CPU
		{8424A673-AB7C-4927-992D-F39BB94D22D0}.Debug|Any CPU.Build.0 = Debug|Any CPU
		{8424A673-AB7C-4927-992D-F39BB94D22D0}.Release|Any CPU.ActiveCfg = Release|Any CPU
		{8424A673-AB7C-4927-992D-F39BB94D22D0}.Release|Any CPU.Build.0 = Release|Any CPU
	EndGlobalSection
	GlobalSection(SolutionProperties) = preSolution
		HideSolutionNode = FALSE
	EndGlobalSection
	GlobalSection(ExtensibilityGlobals) = postSolution
		SolutionGuid = {6A41B0A9-87AD-4E95-9783-A230F0002FCE}
	EndGlobalSection
EndGlobal
